
Microsoft Visual Studio Solution File, Format Version 12.00
# Visual Studio Version 17
VisualStudioVersion = 17.0.31903.59
MinimumVisualStudioVersion = 10.0.40219.1
Project("{FAE04EC0-301F-11D3-BF4B-00C04F79EFBC}") = "DeviceApi", "DeviceApi\DeviceApi.csproj", "{F9879FFF-90DB-4FDA-BC6B-07C9C7A31AFE}"
EndProject
Project("{FAE04EC0-301F-11D3-BF4B-00C04F79EFBC}") = "DeviceApi.Tests", "DeviceApi.Tests\DeviceApi.Tests.csproj", "{F9250191-AA07-4208-B855-D6B933388C7E}"
EndProject
Global
	GlobalSection(SolutionConfigurationPlatforms) = preSolution
		Debug|Any CPU = Debug|Any CPU
		Release|Any CPU = Release|Any CPU
	EndGlobalSection
	GlobalSection(SolutionProperties) = preSolution
		HideSolutionNode = FALSE
	EndGlobalSection
	GlobalSection(ProjectConfigurationPlatforms) = postSolution
		{F9879FFF-90DB-4FDA-BC6B-07C9C7A31AFE}.Debug|Any CPU.ActiveCfg = Debug|Any CPU
		{F9879FFF-90DB-4FDA-BC6B-07C9C7A31AFE}.Debug|Any CPU.Build.0 = Debug|Any CPU
		{F9879FFF-90DB-4FDA-BC6B-07C9C7A31AFE}.Release|Any CPU.ActiveCfg = Release|Any CPU
		{F9879FFF-90DB-4FDA-BC6B-07C9C7A31AFE}.Release|Any CPU.Build.0 = Release|Any CPU
		{F9250191-AA07-4208-B855-D6B933388C7E}.Debug|Any CPU.ActiveCfg = Debug|Any CPU
		{F9250191-AA07-4208-B855-D6B933388C7E}.Debug|Any CPU.Build.0 = Debug|Any CPU
		{F9250191-AA07-4208-B855-D6B933388C7E}.Release|Any CPU.ActiveCfg = Release|Any CPU
		{F9250191-AA07-4208-B855-D6B933388C7E}.Release|Any CPU.Build.0 = Release|Any CPU
	EndGlobalSection
EndGlobal
